// !$*UTF8*$!
{
	archiveVersion = 1;
	classes = {
	};
	objectVersion = 46;
	objects = {

/* Begin PBXBuildFile section */
		075FFB7C1A1D1B1900B8BEFC /* AppDelegate.swift in Sources */ = {isa = PBXBuildFile; fileRef = 075FFB7B1A1D1B1900B8BEFC /* AppDelegate.swift */; };
		075FFB7E1A1D1B1900B8BEFC /* ViewController.swift in Sources */ = {isa = PBXBuildFile; fileRef = 075FFB7D1A1D1B1900B8BEFC /* ViewController.swift */; };
		075FFB811A1D1B1A00B8BEFC /* Main.storyboard in Resources */ = {isa = PBXBuildFile; fileRef = 075FFB7F1A1D1B1A00B8BEFC /* Main.storyboard */; };
		075FFB831A1D1B1A00B8BEFC /* Images.xcassets in Resources */ = {isa = PBXBuildFile; fileRef = 075FFB821A1D1B1A00B8BEFC /* Images.xcassets */; };
		075FFB861A1D1B1A00B8BEFC /* LaunchScreen.xib in Resources */ = {isa = PBXBuildFile; fileRef = 075FFB841A1D1B1A00B8BEFC /* LaunchScreen.xib */; };
		075FFB921A1D1B1A00B8BEFC /* hello_worldTests.swift in Sources */ = {isa = PBXBuildFile; fileRef = 075FFB911A1D1B1A00B8BEFC /* hello_worldTests.swift */; };
/* End PBXBuildFile section */

/* Begin PBXContainerItemProxy section */
		075FFB8C1A1D1B1A00B8BEFC /* PBXContainerItemProxy */ = {
			isa = PBXContainerItemProxy;
			containerPortal = 075FFB6E1A1D1B1900B8BEFC /* Project object */;
			proxyType = 1;
			remoteGlobalIDString = 075FFB751A1D1B1900B8BEFC;
			remoteInfo = "hello world";
		};
/* End PBXContainerItemProxy section */

/* Begin PBXFileReference section */
		075FFB761A1D1B1900B8BEFC /* hello world.app */ = {isa = PBXFileReference; explicitFileType = wrapper.application; includeInIndex = 0; path = "hello world.app"; sourceTree = BUILT_PRODUCTS_DIR; };
		075FFB7A1A1D1B1900B8BEFC /* Info.plist */ = {isa = PBXFileReference; lastKnownFileType = text.plist.xml; path = Info.plist; sourceTree = "<group>"; };
		075FFB7B1A1D1B1900B8BEFC /* AppDelegate.swift */ = {isa = PBXFileReference; lastKnownFileType = sourcecode.swift; path = AppDelegate.swift; sourceTree = "<group>"; };
		075FFB7D1A1D1B1900B8BEFC /* ViewController.swift */ = {isa = PBXFileReference; lastKnownFileType = sourcecode.swift; path = ViewController.swift; sourceTree = "<group>"; };
		075FFB801A1D1B1A00B8BEFC /* Base */ = {isa = PBXFileReference; lastKnownFileType = file.storyboard; name = Base; path = Base.lproj/Main.storyboard; sourceTree = "<group>"; };
		075FFB821A1D1B1A00B8BEFC /* Images.xcassets */ = {isa = PBXFileReference; lastKnownFileType = folder.assetcatalog; path = Images.xcassets; sourceTree = "<group>"; };
		075FFB851A1D1B1A00B8BEFC /* Base */ = {isa = PBXFileReference; lastKnownFileType = file.xib; name = Base; path = Base.lproj/LaunchScreen.xib; sourceTree = "<group>"; };
		075FFB8B1A1D1B1A00B8BEFC /* hello worldTests.xctest */ = {isa = PBXFileReference; explicitFileType = wrapper.cfbundle; includeInIndex = 0; path = "hello worldTests.xctest"; sourceTree = BUILT_PRODUCTS_DIR; };
		075FFB901A1D1B1A00B8BEFC /* Info.plist */ = {isa = PBXFileReference; lastKnownFileType = text.plist.xml; path = Info.plist; sourceTree = "<group>"; };
		075FFB911A1D1B1A00B8BEFC /* hello_worldTests.swift */ = {isa = PBXFileReference; lastKnownFileType = sourcecode.swift; path = hello_worldTests.swift; sourceTree = "<group>"; };
/* End PBXFileReference section */

/* Begin PBXFrameworksBuildPhase section */
		075FFB731A1D1B1900B8BEFC /* Frameworks */ = {
			isa = PBXFrameworksBuildPhase;
			buildActionMask = 2147483647;
			files = (
			);
			runOnlyForDeploymentPostprocessing = 0;
		};
		075FFB881A1D1B1A00B8BEFC /* Frameworks */ = {
			isa = PBXFrameworksBuildPhase;
			buildActionMask = 2147483647;
			files = (
			);
			runOnlyForDeploymentPostprocessing = 0;
		};
/* End PBXFrameworksBuildPhase section */

/* Begin PBXGroup section */
		075FFB6D1A1D1B1900B8BEFC = {
			isa = PBXGroup;
			children = (
				075FFB781A1D1B1900B8BEFC /* hello world */,
				075FFB8E1A1D1B1A00B8BEFC /* hello worldTests */,
				075FFB771A1D1B1900B8BEFC /* Products */,
			);
			sourceTree = "<group>";
		};
		075FFB771A1D1B1900B8BEFC /* Products */ = {
			isa = PBXGroup;
			children = (
				075FFB761A1D1B1900B8BEFC /* hello world.app */,
				075FFB8B1A1D1B1A00B8BEFC /* hello worldTests.xctest */,
			);
			name = Products;
			sourceTree = "<group>";
		};
		075FFB781A1D1B1900B8BEFC /* hello world */ = {
			isa = PBXGroup;
			children = (
				075FFB7B1A1D1B1900B8BEFC /* AppDelegate.swift */,
				075FFB7D1A1D1B1900B8BEFC /* ViewController.swift */,
				075FFB7F1A1D1B1A00B8BEFC /* Main.storyboard */,
				075FFB821A1D1B1A00B8BEFC /* Images.xcassets */,
				075FFB841A1D1B1A00B8BEFC /* LaunchScreen.xib */,
				075FFB791A1D1B1900B8BEFC /* Supporting Files */,
			);
			path = "hello world";
			sourceTree = "<group>";
		};
		075FFB791A1D1B1900B8BEFC /* Supporting Files */ = {
			isa = PBXGroup;
			children = (
				075FFB7A1A1D1B1900B8BEFC /* Info.plist */,
			);
			name = "Supporting Files";
			sourceTree = "<group>";
		};
		075FFB8E1A1D1B1A00B8BEFC /* hello worldTests */ = {
			isa = PBXGroup;
			children = (
				075FFB911A1D1B1A00B8BEFC /* hello_worldTests.swift */,
				075FFB8F1A1D1B1A00B8BEFC /* Supporting Files */,
			);
			path = "hello worldTests";
			sourceTree = "<group>";
		};
		075FFB8F1A1D1B1A00B8BEFC /* Supporting Files */ = {
			isa = PBXGroup;
			children = (
				075FFB901A1D1B1A00B8BEFC /* Info.plist */,
			);
			name = "Supporting Files";
			sourceTree = "<group>";
		};
/* End PBXGroup section */

/* Begin PBXNativeTarget section */
		075FFB751A1D1B1900B8BEFC /* hello world */ = {
			isa = PBXNativeTarget;
			buildConfigurationList = 075FFB951A1D1B1A00B8BEFC /* Build configuration list for PBXNativeTarget "hello world" */;
			buildPhases = (
				075FFB721A1D1B1900B8BEFC /* Sources */,
				075FFB731A1D1B1900B8BEFC /* Frameworks */,
				075FFB741A1D1B1900B8BEFC /* Resources */,
			);
			buildRules = (
			);
			dependencies = (
			);
			name = "hello world";
			productName = "hello world";
			productReference = 075FFB761A1D1B1900B8BEFC /* hello world.app */;
			productType = "com.apple.product-type.application";
		};
		075FFB8A1A1D1B1A00B8BEFC /* hello worldTests */ = {
			isa = PBXNativeTarget;
			buildConfigurationList = 075FFB981A1D1B1A00B8BEFC /* Build configuration list for PBXNativeTarget "hello worldTests" */;
			buildPhases = (
				075FFB871A1D1B1A00B8BEFC /* Sources */,
				075FFB881A1D1B1A00B8BEFC /* Frameworks */,
				075FFB891A1D1B1A00B8BEFC /* Resources */,
			);
			buildRules = (
			);
			dependencies = (
				075FFB8D1A1D1B1A00B8BEFC /* PBXTargetDependency */,
			);
			name = "hello worldTests";
			productName = "hello worldTests";
			productReference = 075FFB8B1A1D1B1A00B8BEFC /* hello worldTests.xctest */;
			productType = "com.apple.product-type.bundle.unit-test";
		};
/* End PBXNativeTarget section */

/* Begin PBXProject section */
		075FFB6E1A1D1B1900B8BEFC /* Project object */ = {
			isa = PBXProject;
			attributes = {
				LastUpgradeCheck = 0610;
				ORGANIZATIONNAME = "Will Schenk";
				TargetAttributes = {
					075FFB751A1D1B1900B8BEFC = {
						CreatedOnToolsVersion = 6.1;
					};
					075FFB8A1A1D1B1A00B8BEFC = {
						CreatedOnToolsVersion = 6.1;
						TestTargetID = 075FFB751A1D1B1900B8BEFC;
					};
				};
			};
			buildConfigurationList = 075FFB711A1D1B1900B8BEFC /* Build configuration list for PBXProject "hello world" */;
			compatibilityVersion = "Xcode 3.2";
			developmentRegion = English;
			hasScannedForEncodings = 0;
			knownRegions = (
				en,
				Base,
			);
			mainGroup = 075FFB6D1A1D1B1900B8BEFC;
			productRefGroup = 075FFB771A1D1B1900B8BEFC /* Products */;
			projectDirPath = "";
			projectRoot = "";
			targets = (
				075FFB751A1D1B1900B8BEFC /* hello world */,
				075FFB8A1A1D1B1A00B8BEFC /* hello worldTests */,
			);
		};
/* End PBXProject section */

/* Begin PBXResourcesBuildPhase section */
		075FFB741A1D1B1900B8BEFC /* Resources */ = {
			isa = PBXResourcesBuildPhase;
			buildActionMask = 2147483647;
			files = (
				075FFB811A1D1B1A00B8BEFC /* Main.storyboard in Resources */,
				075FFB861A1D1B1A00B8BEFC /* LaunchScreen.xib in Resources */,
				075FFB831A1D1B1A00B8BEFC /* Images.xcassets in Resources */,
			);
			runOnlyForDeploymentPostprocessing = 0;
		};
		075FFB891A1D1B1A00B8BEFC /* Resources */ = {
			isa = PBXResourcesBuildPhase;
			buildActionMask = 2147483647;
			files = (
			);
			runOnlyForDeploymentPostprocessing = 0;
		};
/* End PBXResourcesBuildPhase section */

/* Begin PBXSourcesBuildPhase section */
		075FFB721A1D1B1900B8BEFC /* Sources */ = {
			isa = PBXSourcesBuildPhase;
			buildActionMask = 2147483647;
			files = (
				075FFB7E1A1D1B1900B8BEFC /* ViewController.swift in Sources */,
				075FFB7C1A1D1B1900B8BEFC /* AppDelegate.swift in Sources */,
			);
			runOnlyForDeploymentPostprocessing = 0;
		};
		075FFB871A1D1B1A00B8BEFC /* Sources */ = {
			isa = PBXSourcesBuildPhase;
			buildActionMask = 2147483647;
			files = (
				075FFB921A1D1B1A00B8BEFC /* hello_worldTests.swift in Sources */,
			);
			runOnlyForDeploymentPostprocessing = 0;
		};
/* End PBXSourcesBuildPhase section */

/* Begin PBXTargetDependency section */
		075FFB8D1A1D1B1A00B8BEFC /* PBXTargetDependency */ = {
			isa = PBXTargetDependency;
			target = 075FFB751A1D1B1900B8BEFC /* hello world */;
			targetProxy = 075FFB8C1A1D1B1A00B8BEFC /* PBXContainerItemProxy */;
		};
/* End PBXTargetDependency section */

/* Begin PBXVariantGroup section */
		075FFB7F1A1D1B1A00B8BEFC /* Main.storyboard */ = {
			isa = PBXVariantGroup;
			children = (
				075FFB801A1D1B1A00B8BEFC /* Base */,
			);
			name = Main.storyboard;
			sourceTree = "<group>";
		};
		075FFB841A1D1B1A00B8BEFC /* LaunchScreen.xib */ = {
			isa = PBXVariantGroup;
			children = (
				075FFB851A1D1B1A00B8BEFC /* Base */,
			);
			name = LaunchScreen.xib;
			sourceTree = "<group>";
		};
/* End PBXVariantGroup section */

/* Begin XCBuildConfiguration section */
		075FFB931A1D1B1A00B8BEFC /* Debug */ = {
			isa = XCBuildConfiguration;
			buildSettings = {
				ALWAYS_SEARCH_USER_PATHS = NO;
				CLANG_CXX_LANGUAGE_STANDARD = "gnu++0x";
				CLANG_CXX_LIBRARY = "libc++";
				CLANG_ENABLE_MODULES = YES;
				CLANG_ENABLE_OBJC_ARC = YES;
				CLANG_WARN_BOOL_CONVERSION = YES;
				CLANG_WARN_CONSTANT_CONVERSION = YES;
				CLANG_WARN_DIRECT_OBJC_ISA_USAGE = YES_ERROR;
				CLANG_WARN_EMPTY_BODY = YES;
				CLANG_WARN_ENUM_CONVERSION = YES;
				CLANG_WARN_INT_CONVERSION = YES;
				CLANG_WARN_OBJC_ROOT_CLASS = YES_ERROR;
				CLANG_WARN_UNREACHABLE_CODE = YES;
				CLANG_WARN__DUPLICATE_METHOD_MATCH = YES;
				"CODE_SIGN_IDENTITY[sdk=iphoneos*]" = "iPhone Developer";
				COPY_PHASE_STRIP = NO;
				ENABLE_STRICT_OBJC_MSGSEND = YES;
				GCC_C_LANGUAGE_STANDARD = gnu99;
				GCC_DYNAMIC_NO_PIC = NO;
				GCC_OPTIMIZATION_LEVEL = 0;
				GCC_PREPROCESSOR_DEFINITIONS = (
					"DEBUG=1",
					"$(inherited)",
				);
				GCC_SYMBOLS_PRIVATE_EXTERN = NO;
				GCC_WARN_64_TO_32_BIT_CONVERSION = YES;
				GCC_WARN_ABOUT_RETURN_TYPE = YES_ERROR;
				GCC_WARN_UNDECLARED_SELECTOR = YES;
				GCC_WARN_UNINITIALIZED_AUTOS = YES_AGGRESSIVE;
				GCC_WARN_UNUSED_FUNCTION = YES;
				GCC_WARN_UNUSED_VARIABLE = YES;
				IPHONEOS_DEPLOYMENT_TARGET = 8.1;
				MTL_ENABLE_DEBUG_INFO = YES;
				ONLY_ACTIVE_ARCH = YES;
				SDKROOT = iphoneos;
				SWIFT_OPTIMIZATION_LEVEL = "-Onone";
				TARGETED_DEVICE_FAMILY = "1,2";
			};
			name = Debug;
		};
		075FFB941A1D1B1A00B8BEFC /* Release */ = {
			isa = XCBuildConfiguration;
			buildSettings = {
				ALWAYS_SEARCH_USER_PATHS = NO;
				CLANG_CXX_LANGUAGE_STANDARD = "gnu++0x";
				CLANG_CXX_LIBRARY = "libc++";
				CLANG_ENABLE_MODULES = YES;
				CLANG_ENABLE_OBJC_ARC = YES;
				CLANG_WARN_BOOL_CONVERSION = YES;
				CLANG_WARN_CONSTANT_CONVERSION = YES;
				CLANG_WARN_DIRECT_OBJC_ISA_USAGE = YES_ERROR;
				CLANG_WARN_EMPTY_BODY = YES;
				CLANG_WARN_ENUM_CONVERSION = YES;
				CLANG_WARN_INT_CONVERSION = YES;
				CLANG_WARN_OBJC_ROOT_CLASS = YES_ERROR;
				CLANG_WARN_UNREACHABLE_CODE = YES;
				CLANG_WARN__DUPLICATE_METHOD_MATCH = YES;
				"CODE_SIGN_IDENTITY[sdk=iphoneos*]" = "iPhone Developer";
				COPY_PHASE_STRIP = YES;
				ENABLE_NS_ASSERTIONS = NO;
				ENABLE_STRICT_OBJC_MSGSEND = YES;
				GCC_C_LANGUAGE_STANDARD = gnu99;
				GCC_WARN_64_TO_32_BIT_CONVERSION = YES;
				GCC_WARN_ABOUT_RETURN_TYPE = YES_ERROR;
				GCC_WARN_UNDECLARED_SELECTOR = YES;
				GCC_WARN_UNINITIALIZED_AUTOS = YES_AGGRESSIVE;
				GCC_WARN_UNUSED_FUNCTION = YES;
				GCC_WARN_UNUSED_VARIABLE = YES;
				IPHONEOS_DEPLOYMENT_TARGET = 8.1;
				MTL_ENABLE_DEBUG_INFO = NO;
				SDKROOT = iphoneos;
				TARGETED_DEVICE_FAMILY = "1,2";
				VALIDATE_PRODUCT = YES;
			};
			name = Release;
		};
		075FFB961A1D1B1A00B8BEFC /* Debug */ = {
			isa = XCBuildConfiguration;
			buildSettings = {
				ASSETCATALOG_COMPILER_APPICON_NAME = AppIcon;
				INFOPLIST_FILE = "hello world/Info.plist";
				LD_RUNPATH_SEARCH_PATHS = "$(inherited) @executable_path/Frameworks";
				PRODUCT_NAME = "$(TARGET_NAME)";
			};
			name = Debug;
		};
		075FFB971A1D1B1A00B8BEFC /* Release */ = {
			isa = XCBuildConfiguration;
			buildSettings = {
				ASSETCATALOG_COMPILER_APPICON_NAME = AppIcon;
				INFOPLIST_FILE = "hello world/Info.plist";
				LD_RUNPATH_SEARCH_PATHS = "$(inherited) @executable_path/Frameworks";
				PRODUCT_NAME = "$(TARGET_NAME)";
			};
			name = Release;
		};
		075FFB991A1D1B1A00B8BEFC /* Debug */ = {
			isa = XCBuildConfiguration;
			buildSettings = {
				BUNDLE_LOADER = "$(TEST_HOST)";
				FRAMEWORK_SEARCH_PATHS = (
					"$(SDKROOT)/Developer/Library/Frameworks",
					"$(inherited)",
				);
				GCC_PREPROCESSOR_DEFINITIONS = (
					"DEBUG=1",
					"$(inherited)",
				);
				INFOPLIST_FILE = "hello worldTests/Info.plist";
				LD_RUNPATH_SEARCH_PATHS = "$(inherited) @executable_path/Frameworks @loader_path/Frameworks";
				PRODUCT_NAME = "$(TARGET_NAME)";
				TEST_HOST = "$(BUILT_PRODUCTS_DIR)/hello world.app/hello world";
			};
			name = Debug;
		};
		075FFB9A1A1D1B1A00B8BEFC /* Release */ = {
			isa = XCBuildConfiguration;
			buildSettings = {
				BUNDLE_LOADER = "$(TEST_HOST)";
				FRAMEWORK_SEARCH_PATHS = (
					"$(SDKROOT)/Developer/Library/Frameworks",
					"$(inherited)",
				);
				INFOPLIST_FILE = "hello worldTests/Info.plist";
				LD_RUNPATH_SEARCH_PATHS = "$(inherited) @executable_path/Frameworks @loader_path/Frameworks";
				PRODUCT_NAME = "$(TARGET_NAME)";
				TEST_HOST = "$(BUILT_PRODUCTS_DIR)/hello world.app/hello world";
			};
			name = Release;
		};
/* End XCBuildConfiguration section */

/* Begin XCConfigurationList section */
		075FFB711A1D1B1900B8BEFC /* Build configuration list for PBXProject "hello world" */ = {
			isa = XCConfigurationList;
			buildConfigurations = (
				075FFB931A1D1B1A00B8BEFC /* Debug */,
				075FFB941A1D1B1A00B8BEFC /* Release */,
			);
			defaultConfigurationIsVisible = 0;
			defaultConfigurationName = Release;
		};
		075FFB951A1D1B1A00B8BEFC /* Build configuration list for PBXNativeTarget "hello world" */ = {
			isa = XCConfigurationList;
			buildConfigurations = (
				075FFB961A1D1B1A00B8BEFC /* Debug */,
				075FFB971A1D1B1A00B8BEFC /* Release */,
			);
			defaultConfigurationIsVisible = 0;
		};
		075FFB981A1D1B1A00B8BEFC /* Build configuration list for PBXNativeTarget "hello worldTests" */ = {
			isa = XCConfigurationList;
			buildConfigurations = (
				075FFB991A1D1B1A00B8BEFC /* Debug */,
				075FFB9A1A1D1B1A00B8BEFC /* Release */,
			);
			defaultConfigurationIsVisible = 0;
		};
/* End XCConfigurationList section */
	};
	rootObject = 075FFB6E1A1D1B1900B8BEFC /* Project object */;
}
